
Microsoft Visual Studio Solution File, Format Version 12.00
# Visual Studio Version 17
VisualStudioVersion = 17.4.33205.214
MinimumVisualStudioVersion = 10.0.40219.1
Project("{FAE04EC0-301F-11D3-BF4B-00C04F79EFBC}") = "TeslaStockDataSeed", "TeslaStockDataSeed\TeslaStockDataSeed.csproj", "{BCED7DEE-5409-4BA8-A171-B1AA61EC98F5}"
EndProject
Global
	GlobalSection(SolutionConfigurationPlatforms) = preSolution
		Debug|Any CPU = Debug|Any CPU
		Release|Any CPU = Release|Any CPU
	EndGlobalSection
	GlobalSection(ProjectConfigurationPlatforms) = postSolution
		{BCED7DEE-5409-4BA8-A171-B1AA61EC98F5}.Debug|Any CPU.ActiveCfg = Debug|Any CPU
		{BCED7DEE-5409-4BA8-A171-B1AA61EC98F5}.Debug|Any CPU.Build.0 = Debug|Any CPU
		{BCED7DEE-5409-4BA8-A171-B1AA61EC98F5}.Release|Any CPU.ActiveCfg = Release|Any CPU
		{BCED7DEE-5409-4BA8-A171-B1AA61EC98F5}.Release|Any CPU.Build.0 = Release|Any CPU
	EndGlobalSection
	GlobalSection(SolutionProperties) = preSolution
		HideSolutionNode = FALSE
	EndGlobalSection
	GlobalSection(ExtensibilityGlobals) = postSolution
		SolutionGuid = {356F1C25-6E05-480D-B5FB-364030D76ACC}
	EndGlobalSection
EndGlobal
